
Microsoft Visual Studio Solution File, Format Version 11.00
# Visual Studio 2010
Project("{FAE04EC0-301F-11D3-BF4B-00C04F79EFBC}") = "HaywireMQ", "HaywireMQ\HaywireMQ.csproj", "{D5C1326B-FC2C-4E36-93FE-84071428FC2E}"
EndProject
Project("{FAE04EC0-301F-11D3-BF4B-00C04F79EFBC}") = "HaywireMQ.Server", "HaywireMQ.Server\HaywireMQ.Server.csproj", "{36EF4F1E-4D73-44DB-9FA1-144CA9E7B81C}"
EndProject
Project("{2150E333-8FDC-42A3-9474-1A3956D46DE8}") = "Tests", "Tests", "{C8F2503D-9B73-40BA-B84C-7C69A7BBB8E7}"
EndProject
Project("{2150E333-8FDC-42A3-9474-1A3956D46DE8}") = "Solution Items", "Solution Items", "{B1A73413-146E-4DA4-B1E6-A642AAEBCD18}"
	ProjectSection(SolutionItems) = preProject
		HaywireMQ.vsmdi = HaywireMQ.vsmdi
		Local.testsettings = Local.testsettings
		readme.md = readme.md
		TraceAndTestImpact.testsettings = TraceAndTestImpact.testsettings
	EndProjectSection
EndProject
Project("{FAE04EC0-301F-11D3-BF4B-00C04F79EFBC}") = "HaywireMQ.Server.Tests", "Tests\HaywireMQ.Server.Tests\HaywireMQ.Server.Tests.csproj", "{A598CB40-EF06-4A6A-B66D-DBE798952C4D}"
EndProject
Project("{FAE04EC0-301F-11D3-BF4B-00C04F79EFBC}") = "HaywireMQ.Channel.ZeroMQ", "HaywireMQ.Channel.ZeroMQ\HaywireMQ.Channel.ZeroMQ.csproj", "{3142CE88-9C0F-4C7F-91B9-BC6323246FF8}"
EndProject
Project("{FAE04EC0-301F-11D3-BF4B-00C04F79EFBC}") = "HaywireMQ.Store.Cassandra", "HaywireMQ.Store.Cassandra\HaywireMQ.Store.Cassandra.csproj", "{AE7D7881-B648-4A67-9A27-9F79A386727D}"
EndProject
Global
	GlobalSection(TestCaseManagementSettings) = postSolution
		CategoryFile = HaywireMQ.vsmdi
	EndGlobalSection
	GlobalSection(SolutionConfigurationPlatforms) = preSolution
		Debug|Any CPU = Debug|Any CPU
		Debug|Mixed Platforms = Debug|Mixed Platforms
		Debug|x86 = Debug|x86
		Release|Any CPU = Release|Any CPU
		Release|Mixed Platforms = Release|Mixed Platforms
		Release|x86 = Release|x86
	EndGlobalSection
	GlobalSection(ProjectConfigurationPlatforms) = postSolution
		{D5C1326B-FC2C-4E36-93FE-84071428FC2E}.Debug|Any CPU.ActiveCfg = Debug|Any CPU
		{D5C1326B-FC2C-4E36-93FE-84071428FC2E}.Debug|Any CPU.Build.0 = Debug|Any CPU
		{D5C1326B-FC2C-4E36-93FE-84071428FC2E}.Debug|Mixed Platforms.ActiveCfg = Debug|Any CPU
		{D5C1326B-FC2C-4E36-93FE-84071428FC2E}.Debug|Mixed Platforms.Build.0 = Debug|Any CPU
		{D5C1326B-FC2C-4E36-93FE-84071428FC2E}.Debug|x86.ActiveCfg = Debug|Any CPU
		{D5C1326B-FC2C-4E36-93FE-84071428FC2E}.Release|Any CPU.ActiveCfg = Release|Any CPU
		{D5C1326B-FC2C-4E36-93FE-84071428FC2E}.Release|Any CPU.Build.0 = Release|Any CPU
		{D5C1326B-FC2C-4E36-93FE-84071428FC2E}.Release|Mixed Platforms.ActiveCfg = Release|Any CPU
		{D5C1326B-FC2C-4E36-93FE-84071428FC2E}.Release|Mixed Platforms.Build.0 = Release|Any CPU
		{D5C1326B-FC2C-4E36-93FE-84071428FC2E}.Release|x86.ActiveCfg = Release|Any CPU
		{36EF4F1E-4D73-44DB-9FA1-144CA9E7B81C}.Debug|Any CPU.ActiveCfg = Debug|Any CPU
		{36EF4F1E-4D73-44DB-9FA1-144CA9E7B81C}.Debug|Any CPU.Build.0 = Debug|Any CPU
		{36EF4F1E-4D73-44DB-9FA1-144CA9E7B81C}.Debug|Mixed Platforms.ActiveCfg = Debug|Any CPU
		{36EF4F1E-4D73-44DB-9FA1-144CA9E7B81C}.Debug|Mixed Platforms.Build.0 = Debug|Any CPU
		{36EF4F1E-4D73-44DB-9FA1-144CA9E7B81C}.Debug|x86.ActiveCfg = Debug|Any CPU
		{36EF4F1E-4D73-44DB-9FA1-144CA9E7B81C}.Release|Any CPU.ActiveCfg = Release|Any CPU
		{36EF4F1E-4D73-44DB-9FA1-144CA9E7B81C}.Release|Any CPU.Build.0 = Release|Any CPU
		{36EF4F1E-4D73-44DB-9FA1-144CA9E7B81C}.Release|Mixed Platforms.ActiveCfg = Release|Any CPU
		{36EF4F1E-4D73-44DB-9FA1-144CA9E7B81C}.Release|Mixed Platforms.Build.0 = Release|Any CPU
		{36EF4F1E-4D73-44DB-9FA1-144CA9E7B81C}.Release|x86.ActiveCfg = Release|Any CPU
		{A598CB40-EF06-4A6A-B66D-DBE798952C4D}.Debug|Any CPU.ActiveCfg = Debug|Any CPU
		{A598CB40-EF06-4A6A-B66D-DBE798952C4D}.Debug|Any CPU.Build.0 = Debug|Any CPU
		{A598CB40-EF06-4A6A-B66D-DBE798952C4D}.Debug|Mixed Platforms.ActiveCfg = Debug|Any CPU
		{A598CB40-EF06-4A6A-B66D-DBE798952C4D}.Debug|Mixed Platforms.Build.0 = Debug|Any CPU
		{A598CB40-EF06-4A6A-B66D-DBE798952C4D}.Debug|x86.ActiveCfg = Debug|Any CPU
		{A598CB40-EF06-4A6A-B66D-DBE798952C4D}.Release|Any CPU.ActiveCfg = Release|Any CPU
		{A598CB40-EF06-4A6A-B66D-DBE798952C4D}.Release|Any CPU.Build.0 = Release|Any CPU
		{A598CB40-EF06-4A6A-B66D-DBE798952C4D}.Release|Mixed Platforms.ActiveCfg = Release|Any CPU
		{A598CB40-EF06-4A6A-B66D-DBE798952C4D}.Release|Mixed Platforms.Build.0 = Release|Any CPU
		{A598CB40-EF06-4A6A-B66D-DBE798952C4D}.Release|x86.ActiveCfg = Release|Any CPU
		{3142CE88-9C0F-4C7F-91B9-BC6323246FF8}.Debug|Any CPU.ActiveCfg = Debug|Any CPU
		{3142CE88-9C0F-4C7F-91B9-BC6323246FF8}.Debug|Any CPU.Build.0 = Debug|Any CPU
		{3142CE88-9C0F-4C7F-91B9-BC6323246FF8}.Debug|Mixed Platforms.ActiveCfg = Debug|Any CPU
		{3142CE88-9C0F-4C7F-91B9-BC6323246FF8}.Debug|Mixed Platforms.Build.0 = Debug|Any CPU
		{3142CE88-9C0F-4C7F-91B9-BC6323246FF8}.Debug|x86.ActiveCfg = Debug|Any CPU
		{3142CE88-9C0F-4C7F-91B9-BC6323246FF8}.Release|Any CPU.ActiveCfg = Release|Any CPU
		{3142CE88-9C0F-4C7F-91B9-BC6323246FF8}.Release|Any CPU.Build.0 = Release|Any CPU
		{3142CE88-9C0F-4C7F-91B9-BC6323246FF8}.Release|Mixed Platforms.ActiveCfg = Release|Any CPU
		{3142CE88-9C0F-4C7F-91B9-BC6323246FF8}.Release|Mixed Platforms.Build.0 = Release|Any CPU
		{3142CE88-9C0F-4C7F-91B9-BC6323246FF8}.Release|x86.ActiveCfg = Release|Any CPU
		{AE7D7881-B648-4A67-9A27-9F79A386727D}.Debug|Any CPU.ActiveCfg = Debug|Any CPU
		{AE7D7881-B648-4A67-9A27-9F79A386727D}.Debug|Any CPU.Build.0 = Debug|Any CPU
		{AE7D7881-B648-4A67-9A27-9F79A386727D}.Debug|Mixed Platforms.ActiveCfg = Debug|Any CPU
		{AE7D7881-B648-4A67-9A27-9F79A386727D}.Debug|Mixed Platforms.Build.0 = Debug|Any CPU
		{AE7D7881-B648-4A67-9A27-9F79A386727D}.Debug|x86.ActiveCfg = Debug|Any CPU
		{AE7D7881-B648-4A67-9A27-9F79A386727D}.Release|Any CPU.ActiveCfg = Release|Any CPU
		{AE7D7881-B648-4A67-9A27-9F79A386727D}.Release|Any CPU.Build.0 = Release|Any CPU
		{AE7D7881-B648-4A67-9A27-9F79A386727D}.Release|Mixed Platforms.ActiveCfg = Release|Any CPU
		{AE7D7881-B648-4A67-9A27-9F79A386727D}.Release|Mixed Platforms.Build.0 = Release|Any CPU
		{AE7D7881-B648-4A67-9A27-9F79A386727D}.Release|x86.ActiveCfg = Release|Any CPU
	EndGlobalSection
	GlobalSection(SolutionProperties) = preSolution
		HideSolutionNode = FALSE
	EndGlobalSection
	GlobalSection(NestedProjects) = preSolution
		{B1A73413-146E-4DA4-B1E6-A642AAEBCD18} = {C8F2503D-9B73-40BA-B84C-7C69A7BBB8E7}
		{A598CB40-EF06-4A6A-B66D-DBE798952C4D} = {C8F2503D-9B73-40BA-B84C-7C69A7BBB8E7}
	EndGlobalSection
EndGlobal
